
Microsoft Visual Studio Solution File, Format Version 12.00
# Visual Studio Version 17
VisualStudioVersion = 17.9.34616.47
MinimumVisualStudioVersion = 10.0.40219.1
Project("{888888A0-9F3D-457C-B088-3A5042F75D52}") = "Assignment 04 Spring 2025", "Assignment 04 Spring 2025\Assignment 04 Spring 2025.pyproj", "{D41ACCB3-3F13-4812-81E9-875ED1D81E00}"
EndProject
Global
	GlobalSection(SolutionConfigurationPlatforms) = preSolution
		Debug|Any CPU = Debug|Any CPU
		Release|Any CPU = Release|Any CPU
	EndGlobalSection
	GlobalSection(ProjectConfigurationPlatforms) = postSolution
		{D41ACCB3-3F13-4812-81E9-875ED1D81E00}.Debug|Any CPU.ActiveCfg = Debug|Any CPU
		{D41ACCB3-3F13-4812-81E9-875ED1D81E00}.Release|Any CPU.ActiveCfg = Release|Any CPU
	EndGlobalSection
	GlobalSection(SolutionProperties) = preSolution
		HideSolutionNode = FALSE
	EndGlobalSection
	GlobalSection(ExtensibilityGlobals) = postSolution
		SolutionGuid = {E6BE1D81-4E04-4FB7-AC53-B0A90AD5F16E}
	EndGlobalSection
EndGlobal
